
Microsoft Visual Studio Solution File, Format Version 12.00
# Visual Studio Version 17
VisualStudioVersion = 17.9.34414.90
MinimumVisualStudioVersion = 10.0.40219.1
Project("{FAE04EC0-301F-11D3-BF4B-00C04F79EFBC}") = "FunnyDecryptor", "FunnyDecryptor.csproj", "{33848527-FB58-448B-AA65-4A7782D7E371}"
EndProject
Global
	GlobalSection(SolutionConfigurationPlatforms) = preSolution
		Debug|Any CPU = Debug|Any CPU
		Release|Any CPU = Release|Any CPU
	EndGlobalSection
	GlobalSection(ProjectConfigurationPlatforms) = postSolution
		{33848527-FB58-448B-AA65-4A7782D7E371}.Debug|Any CPU.ActiveCfg = Debug|Any CPU
		{33848527-FB58-448B-AA65-4A7782D7E371}.Debug|Any CPU.Build.0 = Debug|Any CPU
		{33848527-FB58-448B-AA65-4A7782D7E371}.Release|Any CPU.ActiveCfg = Release|Any CPU
		{33848527-FB58-448B-AA65-4A7782D7E371}.Release|Any CPU.Build.0 = Release|Any CPU
	EndGlobalSection
	GlobalSection(SolutionProperties) = preSolution
		HideSolutionNode = FALSE
	EndGlobalSection
	GlobalSection(ExtensibilityGlobals) = postSolution
		SolutionGuid = {98407D97-D861-4748-B2DE-83CAF4B96AF7}
	EndGlobalSection
EndGlobal
